
Microsoft Visual Studio Solution File, Format Version 12.00
# Visual Studio Version 17
VisualStudioVersion = 17.9.34714.143
MinimumVisualStudioVersion = 10.0.40219.1
Project("{FAE04EC0-301F-11D3-BF4B-00C04F79EFBC}") = "PruebaTecnica", "PruebaTecnica\PruebaTecnica.csproj", "{BC2061BF-30F2-4DE4-89A6-3DBD5E3727AD}"
	ProjectSection(ProjectDependencies) = postProject
		{726C6E99-69D9-4805-8740-919C999CC1BB} = {726C6E99-69D9-4805-8740-919C999CC1BB}
		{A1DE27CC-BEE2-4DB5-8B4C-AD7AEACCABC3} = {A1DE27CC-BEE2-4DB5-8B4C-AD7AEACCABC3}
		{D064D060-F554-4515-BC87-10D8D7EB4792} = {D064D060-F554-4515-BC87-10D8D7EB4792}
	EndProjectSection
EndProject
Project("{FAE04EC0-301F-11D3-BF4B-00C04F79EFBC}") = "Domain", "Domain\Domain.csproj", "{726C6E99-69D9-4805-8740-919C999CC1BB}"
EndProject
Project("{FAE04EC0-301F-11D3-BF4B-00C04F79EFBC}") = "Application", "Application\Application.csproj", "{A1DE27CC-BEE2-4DB5-8B4C-AD7AEACCABC3}"
	ProjectSection(ProjectDependencies) = postProject
		{726C6E99-69D9-4805-8740-919C999CC1BB} = {726C6E99-69D9-4805-8740-919C999CC1BB}
	EndProjectSection
EndProject
Project("{FAE04EC0-301F-11D3-BF4B-00C04F79EFBC}") = "Infrastucture", "Infrastucture\Infrastucture.csproj", "{D064D060-F554-4515-BC87-10D8D7EB4792}"
	ProjectSection(ProjectDependencies) = postProject
		{726C6E99-69D9-4805-8740-919C999CC1BB} = {726C6E99-69D9-4805-8740-919C999CC1BB}
		{A1DE27CC-BEE2-4DB5-8B4C-AD7AEACCABC3} = {A1DE27CC-BEE2-4DB5-8B4C-AD7AEACCABC3}
	EndProjectSection
EndProject
Global
	GlobalSection(SolutionConfigurationPlatforms) = preSolution
		Debug|Any CPU = Debug|Any CPU
		Release|Any CPU = Release|Any CPU
	EndGlobalSection
	GlobalSection(ProjectConfigurationPlatforms) = postSolution
		{BC2061BF-30F2-4DE4-89A6-3DBD5E3727AD}.Debug|Any CPU.ActiveCfg = Debug|Any CPU
		{BC2061BF-30F2-4DE4-89A6-3DBD5E3727AD}.Debug|Any CPU.Build.0 = Debug|Any CPU
		{BC2061BF-30F2-4DE4-89A6-3DBD5E3727AD}.Release|Any CPU.ActiveCfg = Release|Any CPU
		{BC2061BF-30F2-4DE4-89A6-3DBD5E3727AD}.Release|Any CPU.Build.0 = Release|Any CPU
		{726C6E99-69D9-4805-8740-919C999CC1BB}.Debug|Any CPU.ActiveCfg = Debug|Any CPU
		{726C6E99-69D9-4805-8740-919C999CC1BB}.Debug|Any CPU.Build.0 = Debug|Any CPU
		{726C6E99-69D9-4805-8740-919C999CC1BB}.Release|Any CPU.ActiveCfg = Release|Any CPU
		{726C6E99-69D9-4805-8740-919C999CC1BB}.Release|Any CPU.Build.0 = Release|Any CPU
		{A1DE27CC-BEE2-4DB5-8B4C-AD7AEACCABC3}.Debug|Any CPU.ActiveCfg = Debug|Any CPU
		{A1DE27CC-BEE2-4DB5-8B4C-AD7AEACCABC3}.Debug|Any CPU.Build.0 = Debug|Any CPU
		{A1DE27CC-BEE2-4DB5-8B4C-AD7AEACCABC3}.Release|Any CPU.ActiveCfg = Release|Any CPU
		{A1DE27CC-BEE2-4DB5-8B4C-AD7AEACCABC3}.Release|Any CPU.Build.0 = Release|Any CPU
		{D064D060-F554-4515-BC87-10D8D7EB4792}.Debug|Any CPU.ActiveCfg = Debug|Any CPU
		{D064D060-F554-4515-BC87-10D8D7EB4792}.Debug|Any CPU.Build.0 = Debug|Any CPU
		{D064D060-F554-4515-BC87-10D8D7EB4792}.Release|Any CPU.ActiveCfg = Release|Any CPU
		{D064D060-F554-4515-BC87-10D8D7EB4792}.Release|Any CPU.Build.0 = Release|Any CPU
	EndGlobalSection
	GlobalSection(SolutionProperties) = preSolution
		HideSolutionNode = FALSE
	EndGlobalSection
	GlobalSection(ExtensibilityGlobals) = postSolution
		SolutionGuid = {6ABBB88A-C3DA-4A87-B441-894BCE0755CE}
	EndGlobalSection
EndGlobal
